# This file is generated by running "yarn install" inside your project.
# Manual changes might be lost - proceed with caution!

__metadata:
  version: 8
  cacheKey: 10

"csv-generate@npm:^4.4.2":
  version: 4.4.2
  resolution: "csv-generate@npm:4.4.2"
  checksum: 10/99f3945e41a5ce8c6726f9b115b671b82674181790386148517fe7bd5a8d967704851d0f365c59e82f728c8ee15fb3b6602ce7bb993bea61b5b844282b4977e1
  languageName: node
  linkType: hard

"csv-parse@npm:^5.6.0":
  version: 5.6.0
  resolution: "csv-parse@npm:5.6.0"
  checksum: 10/4c82e11f50ae0ccbac2aed716ef2502d0468bf96552083561db789fc0258ee4bb0a30106fcfb2684f153cb4042f0413e0eac3645d5466874803b7ccdeba67ac8
  languageName: node
  linkType: hard

"csv-stringify@npm:^6.5.2":
  version: 6.5.2
  resolution: "csv-stringify@npm:6.5.2"
  checksum: 10/7715664020d291ccece25a32ecca617cea8d7e320af0c4e58cabbfb52d914832c3ea63c77c9796ca032ce6b47b899c879140c55bfd380105c42038ec305607a3
  languageName: node
  linkType: hard

"csv@npm:^6.3.10":
  version: 6.3.11
  resolution: "csv@npm:6.3.11"
  dependencies:
    csv-generate: "npm:^4.4.2"
    csv-parse: "npm:^5.6.0"
    csv-stringify: "npm:^6.5.2"
    stream-transform: "npm:^3.3.3"
  checksum: 10/a8c603ad28fec1e8687626b05adcd6c7c4c355fd34df32d44fdec7158dcabf4640b93ea7f28f1d4b4959ad89acfbb28fca63ee14637fc2a969bc712d89069345
  languageName: node
  linkType: hard

"heic-convert@npm:^2.1.0":
  version: 2.1.0
  resolution: "heic-convert@npm:2.1.0"
  dependencies:
    heic-decode: "npm:^2.0.0"
    jpeg-js: "npm:^0.4.4"
    pngjs: "npm:^6.0.0"
  checksum: 10/7c4982a50b8ab56c09471736c750f039b0d2edd066d5f1c7b754e2258da9e2154d00d44317baa606a99f7034c5690a9e198112da39db4cbc3b956177086f913a
  languageName: node
  linkType: hard

"heic-decode@npm:^2.0.0":
  version: 2.0.0
  resolution: "heic-decode@npm:2.0.0"
  dependencies:
    libheif-js: "npm:^1.17.1"
  checksum: 10/776ec170516d105aad014a5d1c4ff0f36640413372bdc59c0d7515109c2ccf5f3209b94b4b843194517b9e92ec202deb7f84dc56a340200b2d5d90852d358ea6
  languageName: node
  linkType: hard

"jpeg-js@npm:^0.4.4":
  version: 0.4.4
  resolution: "jpeg-js@npm:0.4.4"
  checksum: 10/30bb6e16e79db4bd6edbecf1140039bbab326de876f2d20685f04a38d03f70ef9fada1886f0bf58832a4dba4aa179311fc4be7df3d756cab8f1c74d745542f38
  languageName: node
  linkType: hard

"libheif-js@npm:^1.17.1":
  version: 1.18.2
  resolution: "libheif-js@npm:1.18.2"
  checksum: 10/4295ad5fca48ff401d1b76754881ee7a0785714e79a28a90f95932e11bfcc13b83ccc9eb127e807cbb38d82d1ef3357a302820fd61fa5ac68c4e2bee18ae924f
  languageName: node
  linkType: hard

"mavawe@workspace:.":
  version: 0.0.0-use.local
  resolution: "mavawe@workspace:."
  dependencies:
    csv: "npm:^6.3.10"
    heic-convert: "npm:^2.1.0"
    uuid: "npm:^11.0.2"
  languageName: unknown
  linkType: soft

"pngjs@npm:^6.0.0":
  version: 6.0.0
  resolution: "pngjs@npm:6.0.0"
  checksum: 10/692751ccd5e762623103900922caac982caa90258d9c6c04a6e2bc3397b1dedbaf9db826fc0fa068a29d607cad3df1d1eded0dec2ee35a0015c65cb5ef33ad18
  languageName: node
  linkType: hard

"stream-transform@npm:^3.3.3":
  version: 3.3.3
  resolution: "stream-transform@npm:3.3.3"
  checksum: 10/c73291ea4df22d866a9f923f4cd939b5b40c697db03a856690cf06c046609bcb0351d1a431bf90bd119fd561a9f63b9bfbbe53c53623ed5938ce1b5441125917
  languageName: node
  linkType: hard

"uuid@npm:^11.0.2":
  version: 11.0.3
  resolution: "uuid@npm:11.0.3"
  bin:
    uuid: dist/esm/bin/uuid
  checksum: 10/251385563195709eb0697c74a834764eef28e1656d61174e35edbd129288acb4d95a43f4ce8a77b8c2fc128e2b55924296a0945f964b05b9173469d045625ff2
  languageName: node
  linkType: hard
